{
  "name": "websnapse-v3",
  "version": "1.0.0",
  "lockfileVersion": 3,
  "requires": true,
  "packages": {
    "": {
      "name": "websnapse-v3",
      "version": "1.0.0",
      "license": "ISC",
      "dependencies": {
        "katex": "^0.16.4",
        "mathjax": "^3.2.2",
        "vivagraphjs": "^0.12.0"
      },
      "devDependencies": {
        "@types/emscripten": "^1.39.6",
        "typescript": "^4.9.4"
      }
    },
    "node_modules/@types/emscripten": {
      "version": "1.39.6",
      "resolved": "https://registry.npmjs.org/@types/emscripten/-/emscripten-1.39.6.tgz",
      "integrity": "sha512-H90aoynNhhkQP6DRweEjJp5vfUVdIj7tdPLsu7pq89vODD/lcugKfZOsfgwpvM6XUewEp2N5dCg1Uf3Qe55Dcg==",
      "dev": true
    },
    "node_modules/add-event-listener": {
      "version": "0.0.1",
      "resolved": "https://registry.npmjs.org/add-event-listener/-/add-event-listener-0.0.1.tgz",
      "integrity": "sha512-hjRmkeDqFUWEFcDHP/Lp0Pa4MhIJk/oQX8B7lFiNrjBKHjf0q+ivCJrucY8d8UI5d0QkZgV2jGdAGXxEZcm3nA=="
    },
    "node_modules/commander": {
      "version": "8.3.0",
      "resolved": "https://registry.npmjs.org/commander/-/commander-8.3.0.tgz",
      "integrity": "sha512-OkTL9umf+He2DZkUq8f8J9of7yL6RJKI24dVITBmNfZBmri9zYZQrKkuXiKhyfPSu8tUhnVBB1iKXevvnlR4Ww==",
      "engines": {
        "node": ">= 12"
      }
    },
    "node_modules/gintersect": {
      "version": "0.1.0",
      "resolved": "https://registry.npmjs.org/gintersect/-/gintersect-0.1.0.tgz",
      "integrity": "sha512-jps8Ckj6u8yLxOYzBVJbPqvRdeHOINQgRtufaLHkunwNQcSEdZU0ejPBapSimXJEQ9mdQW4hsEUN7DfJEcTvQQ=="
    },
    "node_modules/katex": {
      "version": "0.16.4",
      "resolved": "https://registry.npmjs.org/katex/-/katex-0.16.4.tgz",
      "integrity": "sha512-WudRKUj8yyBeVDI4aYMNxhx5Vhh2PjpzQw1GRu/LVGqL4m1AxwD1GcUp0IMbdJaf5zsjtj8ghP0DOQRYhroNkw==",
      "funding": [
        "https://opencollective.com/katex",
        "https://github.com/sponsors/katex"
      ],
      "dependencies": {
        "commander": "^8.0.0"
      },
      "bin": {
        "katex": "cli.js"
      }
    },
    "node_modules/mathjax": {
      "version": "3.2.2",
      "resolved": "https://registry.npmjs.org/mathjax/-/mathjax-3.2.2.tgz",
      "integrity": "sha512-Bt+SSVU8eBG27zChVewOicYs7Xsdt40qm4+UpHyX7k0/O9NliPc+x77k1/FEsPsjKPZGJvtRZM1vO+geW0OhGw=="
    },
    "node_modules/ngraph.centrality": {
      "version": "0.3.0",
      "resolved": "https://registry.npmjs.org/ngraph.centrality/-/ngraph.centrality-0.3.0.tgz",
      "integrity": "sha512-Qmu9dDHJAx+GAW2AMqmhaub1rINS+fHZGZJ3zPI36ENAXmVNQ/Jkq79br1sg6NUHz/pRBT9MXMuwDyYKmMt8Mw=="
    },
    "node_modules/ngraph.events": {
      "version": "0.0.3",
      "resolved": "https://registry.npmjs.org/ngraph.events/-/ngraph.events-0.0.3.tgz",
      "integrity": "sha512-UrewofHOFk/05otBm9GD4DA3PTEY/yaElhCclmGC4IcmAYaSDRrC3lENQxJ00AzeBnz1GY2xH7Ct7AfIdhsdWA=="
    },
    "node_modules/ngraph.expose": {
      "version": "0.0.0",
      "resolved": "https://registry.npmjs.org/ngraph.expose/-/ngraph.expose-0.0.0.tgz",
      "integrity": "sha512-Hr88MuhgoSLVGf2aaaXcKl22Rn95duWsjRcoeJMP9PtFmYHGFw/3ctDqBf5phnIyktm0P/Quxs5EGg6xgJcZAQ=="
    },
    "node_modules/ngraph.forcelayout": {
      "version": "0.5.0",
      "resolved": "https://registry.npmjs.org/ngraph.forcelayout/-/ngraph.forcelayout-0.5.0.tgz",
      "integrity": "sha512-qOd1S9unFLw313+l0M/Dk1MePLDUSl4h9RyOtAbo0CyeefnN4PICiRz0LOewR5WuFmQD0/RmZLpjTKu0H7LTKQ==",
      "dependencies": {
        "ngraph.events": "0.0.4",
        "ngraph.physics.simulator": "^0.3.0"
      }
    },
    "node_modules/ngraph.forcelayout/node_modules/ngraph.events": {
      "version": "0.0.4",
      "resolved": "https://registry.npmjs.org/ngraph.events/-/ngraph.events-0.0.4.tgz",
      "integrity": "sha512-SY7MdNQoy5KyaVxg03PYCnGF6J7l4p8lEdmYm/5oIqFAmLhg0BmzZzlRqobJ0nEPT6xZlonUQbvCcXtarPZNrg=="
    },
    "node_modules/ngraph.fromjson": {
      "version": "0.1.9",
      "resolved": "https://registry.npmjs.org/ngraph.fromjson/-/ngraph.fromjson-0.1.9.tgz",
      "integrity": "sha512-f3GLjbUq239wx4s5A0fDptj9dcNeaEIJU3gm74hWvYK7onD7sFtedP7jVHZA7UJ2FwkKgEhzbPeltv92ycuKZQ==",
      "dependencies": {
        "ngraph.graph": "0.0.14"
      }
    },
    "node_modules/ngraph.generators": {
      "version": "0.0.19",
      "resolved": "https://registry.npmjs.org/ngraph.generators/-/ngraph.generators-0.0.19.tgz",
      "integrity": "sha512-P3XqB1sH4zrzM6bMGTtuT/6K76Rnhf1qE8Zu7PkAvhQVCQzdLYiL2/8DwhcPLsetRJHNJv0uwpW9TpntBAqKrw==",
      "dependencies": {
        "ngraph.graph": "0.0.14",
        "ngraph.random": "0.1.0"
      }
    },
    "node_modules/ngraph.generators/node_modules/ngraph.random": {
      "version": "0.1.0",
      "resolved": "https://registry.npmjs.org/ngraph.random/-/ngraph.random-0.1.0.tgz",
      "integrity": "sha512-KXCfzk/ZB79BxQSWMvYPGayx3Mb+7n5GPnc8SW0rwysqRV/3QxEKrLU/UVC8eGjc2SYGofqX+uhUE6IXfqR5VA=="
    },
    "node_modules/ngraph.graph": {
      "version": "0.0.14",
      "resolved": "https://registry.npmjs.org/ngraph.graph/-/ngraph.graph-0.0.14.tgz",
      "integrity": "sha512-ERTLng4KrsGbR7iLZFvg5H+zJ7V+SY8RDqZKYCnOZib5W8M5LCvcil9/8eiJcTRUIPPXW3j8hqPCdLnBvgsn/A==",
      "dependencies": {
        "ngraph.events": "0.0.3"
      }
    },
    "node_modules/ngraph.merge": {
      "version": "0.0.1",
      "resolved": "https://registry.npmjs.org/ngraph.merge/-/ngraph.merge-0.0.1.tgz",
      "integrity": "sha512-iXchI5xMjYzA96mee//O7I7gtd4cCakWaSTu11aMTxRDbvBK2qpDDytYg58jO3usAUkjFxBdy1gxYppKmBDuRQ=="
    },
    "node_modules/ngraph.physics.primitives": {
      "version": "0.0.7",
      "resolved": "https://registry.npmjs.org/ngraph.physics.primitives/-/ngraph.physics.primitives-0.0.7.tgz",
      "integrity": "sha512-7jPm14fYcuJ9kytOVNOKxFy6r/Uu9Dnj++uT3iR9XkBcsBahn2xcYJkV6vF1bIb1fQ5XrDCRjRIOcMwEum6jwQ=="
    },
    "node_modules/ngraph.physics.simulator": {
      "version": "0.3.0",
      "resolved": "https://registry.npmjs.org/ngraph.physics.simulator/-/ngraph.physics.simulator-0.3.0.tgz",
      "integrity": "sha512-ObW+HL+hQBIIdc6xG/+qrLe8qv+Sf0X3lq/l2hsjFrIwWtpRKLrSvUUoXiNIeFqRmY/C+PkGo3U+XY523lJ+Fw==",
      "dependencies": {
        "ngraph.events": "0.0.3",
        "ngraph.expose": "0.0.0",
        "ngraph.merge": "0.0.1",
        "ngraph.physics.primitives": "0.0.7",
        "ngraph.quadtreebh": "0.0.4",
        "ngraph.random": "0.0.1"
      }
    },
    "node_modules/ngraph.quadtreebh": {
      "version": "0.0.4",
      "resolved": "https://registry.npmjs.org/ngraph.quadtreebh/-/ngraph.quadtreebh-0.0.4.tgz",
      "integrity": "sha512-xTIkWGXt5Ajnoq9VOr0xDOI9ZL+q4sPhD0Z7vxvn4MCa+l0wf43rg0C7qv0t+RIOgbQBAp0xDpn568hpXAckJA==",
      "dependencies": {
        "ngraph.random": "0.0.1"
      }
    },
    "node_modules/ngraph.random": {
      "version": "0.0.1",
      "resolved": "https://registry.npmjs.org/ngraph.random/-/ngraph.random-0.0.1.tgz",
      "integrity": "sha512-QPKU7ChXF/VrvMQxVo9aWcvXCXp98VfL4nKUteTW/olDqeUqQ61t7m+jvFb8Dj7kKvlKlnsbDA1aWLJGmm17XA=="
    },
    "node_modules/ngraph.tojson": {
      "version": "0.1.4",
      "resolved": "https://registry.npmjs.org/ngraph.tojson/-/ngraph.tojson-0.1.4.tgz",
      "integrity": "sha512-Ii2BTqi8zBRMLH8vTc8pMUKQFJaqbgttG9DKUaazoPVpwC/ww4jyTOHe2ZKaGGZRepnGLqSZ27wZUm7n8MjIgA=="
    },
    "node_modules/simplesvg": {
      "version": "0.0.10",
      "resolved": "https://registry.npmjs.org/simplesvg/-/simplesvg-0.0.10.tgz",
      "integrity": "sha512-iCVx1A/kI4U3cGPRMRQaGLbIFNDXuB8rsaAsO2mM5wYFDs/MrfmHhrSCqNbOylgt9MhhZU3uMsSQnZM853kwXQ==",
      "dependencies": {
        "add-event-listener": "0.0.1"
      }
    },
    "node_modules/typescript": {
      "version": "4.9.5",
      "resolved": "https://registry.npmjs.org/typescript/-/typescript-4.9.5.tgz",
      "integrity": "sha512-1FXk9E2Hm+QzZQ7z+McJiHL4NW1F2EzMu9Nq9i3zAaGqibafqYwCVU6WyWAuyQRRzOlxou8xZSyXLEN8oKj24g==",
      "dev": true,
      "bin": {
        "tsc": "bin/tsc",
        "tsserver": "bin/tsserver"
      },
      "engines": {
        "node": ">=4.2.0"
      }
    },
    "node_modules/vivagraphjs": {
      "version": "0.12.0",
      "resolved": "https://registry.npmjs.org/vivagraphjs/-/vivagraphjs-0.12.0.tgz",
      "integrity": "sha512-Air+vUHXAWj8NTWUnbU800yKC7SiHpCVwpKIPfDtr5436YoMd7cpg8blt6Fn9xarx+sz1osRxGHBHTaHvcsR6Q==",
      "dependencies": {
        "gintersect": "0.1.0",
        "ngraph.centrality": "0.3.0",
        "ngraph.events": "0.0.3",
        "ngraph.forcelayout": "0.5.0",
        "ngraph.fromjson": "0.1.9",
        "ngraph.generators": "0.0.19",
        "ngraph.graph": "0.0.14",
        "ngraph.merge": "0.0.1",
        "ngraph.random": "0.0.1",
        "ngraph.tojson": "0.1.4",
        "simplesvg": "0.0.10"
      }
    }
  }
}
